
Microsoft Visual Studio Solution File, Format Version 12.00
# Visual Studio 14
VisualStudioVersion = 14.0.25123.0
MinimumVisualStudioVersion = 10.0.40219.1
Project("{FAE04EC0-301F-11D3-BF4B-00C04F79EFBC}") = "here.core", "here.core\here.core.csproj", "{45C003B5-122A-4C81-8B1D-509F432A28A5}"
EndProject
Project("{FAE04EC0-301F-11D3-BF4B-00C04F79EFBC}") = "here.droid", "here.droid\here.droid.csproj", "{1F2C1CD8-7AFA-4BB2-8A26-CFDEA3146EE6}"
EndProject
Project("{FAE04EC0-301F-11D3-BF4B-00C04F79EFBC}") = "MessageSender", "MessageSender\MessageSender.csproj", "{63F3AD98-AAEA-4A4A-9A34-1D73E18E7248}"
EndProject
Project("{FAE04EC0-301F-11D3-BF4B-00C04F79EFBC}") = "heres.Droid", "heres\heres.Droid\heres.Droid.csproj", "{0BC25816-82B2-483D-AA2A-0DF53F3B76CC}"
EndProject
Project("{FAE04EC0-301F-11D3-BF4B-00C04F79EFBC}") = "heres.iOS", "heres\heres.iOS\heres.iOS.csproj", "{66810930-ABAD-4286-BC53-B1B8648D95F0}"
EndProject
Project("{D954291E-2A0B-460D-934E-DC6B0785DB48}") = "heres", "heres\heres\heres.shproj", "{67FEB7D4-5C66-492D-B32F-1EE985437798}"
EndProject
Global
	GlobalSection(SharedMSBuildProjectFiles) = preSolution
		heres\heres\heres.projitems*{0bc25816-82b2-483d-aa2a-0df53f3b76cc}*SharedItemsImports = 4
		heres\heres\heres.projitems*{67feb7d4-5c66-492d-b32f-1ee985437798}*SharedItemsImports = 13
		heres\heres\heres.projitems*{66810930-abad-4286-bc53-b1b8648d95f0}*SharedItemsImports = 4
	EndGlobalSection
	GlobalSection(SolutionConfigurationPlatforms) = preSolution
		Ad-Hoc|Any CPU = Ad-Hoc|Any CPU
		Ad-Hoc|iPhone = Ad-Hoc|iPhone
		Ad-Hoc|iPhoneSimulator = Ad-Hoc|iPhoneSimulator
		Ad-Hoc|x86 = Ad-Hoc|x86
		AppStore|Any CPU = AppStore|Any CPU
		AppStore|iPhone = AppStore|iPhone
		AppStore|iPhoneSimulator = AppStore|iPhoneSimulator
		AppStore|x86 = AppStore|x86
		Debug|Any CPU = Debug|Any CPU
		Debug|iPhone = Debug|iPhone
		Debug|iPhoneSimulator = Debug|iPhoneSimulator
		Debug|x86 = Debug|x86
		Release|Any CPU = Release|Any CPU
		Release|iPhone = Release|iPhone
		Release|iPhoneSimulator = Release|iPhoneSimulator
		Release|x86 = Release|x86
	EndGlobalSection
	GlobalSection(ProjectConfigurationPlatforms) = postSolution
		{45C003B5-122A-4C81-8B1D-509F432A28A5}.Ad-Hoc|Any CPU.ActiveCfg = Release|Any CPU
		{45C003B5-122A-4C81-8B1D-509F432A28A5}.Ad-Hoc|Any CPU.Build.0 = Release|Any CPU
		{45C003B5-122A-4C81-8B1D-509F432A28A5}.Ad-Hoc|iPhone.ActiveCfg = Release|Any CPU
		{45C003B5-122A-4C81-8B1D-509F432A28A5}.Ad-Hoc|iPhone.Build.0 = Release|Any CPU
		{45C003B5-122A-4C81-8B1D-509F432A28A5}.Ad-Hoc|iPhoneSimulator.ActiveCfg = Release|Any CPU
		{45C003B5-122A-4C81-8B1D-509F432A28A5}.Ad-Hoc|iPhoneSimulator.Build.0 = Release|Any CPU
		{45C003B5-122A-4C81-8B1D-509F432A28A5}.Ad-Hoc|x86.ActiveCfg = Debug|Any CPU
		{45C003B5-122A-4C81-8B1D-509F432A28A5}.Ad-Hoc|x86.Build.0 = Debug|Any CPU
		{45C003B5-122A-4C81-8B1D-509F432A28A5}.AppStore|Any CPU.ActiveCfg = Release|Any CPU
		{45C003B5-122A-4C81-8B1D-509F432A28A5}.AppStore|Any CPU.Build.0 = Release|Any CPU
		{45C003B5-122A-4C81-8B1D-509F432A28A5}.AppStore|iPhone.ActiveCfg = Release|Any CPU
		{45C003B5-122A-4C81-8B1D-509F432A28A5}.AppStore|iPhone.Build.0 = Release|Any CPU
		{45C003B5-122A-4C81-8B1D-509F432A28A5}.AppStore|iPhoneSimulator.ActiveCfg = Release|Any CPU
		{45C003B5-122A-4C81-8B1D-509F432A28A5}.AppStore|iPhoneSimulator.Build.0 = Release|Any CPU
		{45C003B5-122A-4C81-8B1D-509F432A28A5}.AppStore|x86.ActiveCfg = Debug|Any CPU
		{45C003B5-122A-4C81-8B1D-509F432A28A5}.AppStore|x86.Build.0 = Debug|Any CPU
		{45C003B5-122A-4C81-8B1D-509F432A28A5}.Debug|Any CPU.ActiveCfg = Debug|Any CPU
		{45C003B5-122A-4C81-8B1D-509F432A28A5}.Debug|Any CPU.Build.0 = Debug|Any CPU
		{45C003B5-122A-4C81-8B1D-509F432A28A5}.Debug|iPhone.ActiveCfg = Debug|Any CPU
		{45C003B5-122A-4C81-8B1D-509F432A28A5}.Debug|iPhone.Build.0 = Debug|Any CPU
		{45C003B5-122A-4C81-8B1D-509F432A28A5}.Debug|iPhoneSimulator.ActiveCfg = Debug|Any CPU
		{45C003B5-122A-4C81-8B1D-509F432A28A5}.Debug|iPhoneSimulator.Build.0 = Debug|Any CPU
		{45C003B5-122A-4C81-8B1D-509F432A28A5}.Debug|x86.ActiveCfg = Debug|Any CPU
		{45C003B5-122A-4C81-8B1D-509F432A28A5}.Debug|x86.Build.0 = Debug|Any CPU
		{45C003B5-122A-4C81-8B1D-509F432A28A5}.Release|Any CPU.ActiveCfg = Release|Any CPU
		{45C003B5-122A-4C81-8B1D-509F432A28A5}.Release|Any CPU.Build.0 = Release|Any CPU
		{45C003B5-122A-4C81-8B1D-509F432A28A5}.Release|iPhone.ActiveCfg = Release|Any CPU
		{45C003B5-122A-4C81-8B1D-509F432A28A5}.Release|iPhone.Build.0 = Release|Any CPU
		{45C003B5-122A-4C81-8B1D-509F432A28A5}.Release|iPhoneSimulator.ActiveCfg = Release|Any CPU
		{45C003B5-122A-4C81-8B1D-509F432A28A5}.Release|iPhoneSimulator.Build.0 = Release|Any CPU
		{45C003B5-122A-4C81-8B1D-509F432A28A5}.Release|x86.ActiveCfg = Release|Any CPU
		{45C003B5-122A-4C81-8B1D-509F432A28A5}.Release|x86.Build.0 = Release|Any CPU
		{1F2C1CD8-7AFA-4BB2-8A26-CFDEA3146EE6}.Ad-Hoc|Any CPU.ActiveCfg = Release|Any CPU
		{1F2C1CD8-7AFA-4BB2-8A26-CFDEA3146EE6}.Ad-Hoc|Any CPU.Build.0 = Release|Any CPU
		{1F2C1CD8-7AFA-4BB2-8A26-CFDEA3146EE6}.Ad-Hoc|Any CPU.Deploy.0 = Release|Any CPU
		{1F2C1CD8-7AFA-4BB2-8A26-CFDEA3146EE6}.Ad-Hoc|iPhone.ActiveCfg = Release|Any CPU
		{1F2C1CD8-7AFA-4BB2-8A26-CFDEA3146EE6}.Ad-Hoc|iPhone.Build.0 = Release|Any CPU
		{1F2C1CD8-7AFA-4BB2-8A26-CFDEA3146EE6}.Ad-Hoc|iPhone.Deploy.0 = Release|Any CPU
		{1F2C1CD8-7AFA-4BB2-8A26-CFDEA3146EE6}.Ad-Hoc|iPhoneSimulator.ActiveCfg = Release|Any CPU
		{1F2C1CD8-7AFA-4BB2-8A26-CFDEA3146EE6}.Ad-Hoc|iPhoneSimulator.Build.0 = Release|Any CPU
		{1F2C1CD8-7AFA-4BB2-8A26-CFDEA3146EE6}.Ad-Hoc|iPhoneSimulator.Deploy.0 = Release|Any CPU
		{1F2C1CD8-7AFA-4BB2-8A26-CFDEA3146EE6}.Ad-Hoc|x86.ActiveCfg = Debug|Any CPU
		{1F2C1CD8-7AFA-4BB2-8A26-CFDEA3146EE6}.Ad-Hoc|x86.Build.0 = Debug|Any CPU
		{1F2C1CD8-7AFA-4BB2-8A26-CFDEA3146EE6}.Ad-Hoc|x86.Deploy.0 = Debug|Any CPU
		{1F2C1CD8-7AFA-4BB2-8A26-CFDEA3146EE6}.AppStore|Any CPU.ActiveCfg = Release|Any CPU
		{1F2C1CD8-7AFA-4BB2-8A26-CFDEA3146EE6}.AppStore|Any CPU.Build.0 = Release|Any CPU
		{1F2C1CD8-7AFA-4BB2-8A26-CFDEA3146EE6}.AppStore|Any CPU.Deploy.0 = Release|Any CPU
		{1F2C1CD8-7AFA-4BB2-8A26-CFDEA3146EE6}.AppStore|iPhone.ActiveCfg = Release|Any CPU
		{1F2C1CD8-7AFA-4BB2-8A26-CFDEA3146EE6}.AppStore|iPhone.Build.0 = Release|Any CPU
		{1F2C1CD8-7AFA-4BB2-8A26-CFDEA3146EE6}.AppStore|iPhone.Deploy.0 = Release|Any CPU
		{1F2C1CD8-7AFA-4BB2-8A26-CFDEA3146EE6}.AppStore|iPhoneSimulator.ActiveCfg = Release|Any CPU
		{1F2C1CD8-7AFA-4BB2-8A26-CFDEA3146EE6}.AppStore|iPhoneSimulator.Build.0 = Release|Any CPU
		{1F2C1CD8-7AFA-4BB2-8A26-CFDEA3146EE6}.AppStore|iPhoneSimulator.Deploy.0 = Release|Any CPU
		{1F2C1CD8-7AFA-4BB2-8A26-CFDEA3146EE6}.AppStore|x86.ActiveCfg = Debug|Any CPU
		{1F2C1CD8-7AFA-4BB2-8A26-CFDEA3146EE6}.AppStore|x86.Build.0 = Debug|Any CPU
		{1F2C1CD8-7AFA-4BB2-8A26-CFDEA3146EE6}.AppStore|x86.Deploy.0 = Debug|Any CPU
		{1F2C1CD8-7AFA-4BB2-8A26-CFDEA3146EE6}.Debug|Any CPU.ActiveCfg = Debug|Any CPU
		{1F2C1CD8-7AFA-4BB2-8A26-CFDEA3146EE6}.Debug|Any CPU.Build.0 = Debug|Any CPU
		{1F2C1CD8-7AFA-4BB2-8A26-CFDEA3146EE6}.Debug|Any CPU.Deploy.0 = Debug|Any CPU
		{1F2C1CD8-7AFA-4BB2-8A26-CFDEA3146EE6}.Debug|iPhone.ActiveCfg = Debug|Any CPU
		{1F2C1CD8-7AFA-4BB2-8A26-CFDEA3146EE6}.Debug|iPhone.Build.0 = Debug|Any CPU
		{1F2C1CD8-7AFA-4BB2-8A26-CFDEA3146EE6}.Debug|iPhone.Deploy.0 = Debug|Any CPU
		{1F2C1CD8-7AFA-4BB2-8A26-CFDEA3146EE6}.Debug|iPhoneSimulator.ActiveCfg = Debug|Any CPU
		{1F2C1CD8-7AFA-4BB2-8A26-CFDEA3146EE6}.Debug|iPhoneSimulator.Build.0 = Debug|Any CPU
		{1F2C1CD8-7AFA-4BB2-8A26-CFDEA3146EE6}.Debug|iPhoneSimulator.Deploy.0 = Debug|Any CPU
		{1F2C1CD8-7AFA-4BB2-8A26-CFDEA3146EE6}.Debug|x86.ActiveCfg = Debug|Any CPU
		{1F2C1CD8-7AFA-4BB2-8A26-CFDEA3146EE6}.Debug|x86.Build.0 = Debug|Any CPU
		{1F2C1CD8-7AFA-4BB2-8A26-CFDEA3146EE6}.Debug|x86.Deploy.0 = Debug|Any CPU
		{1F2C1CD8-7AFA-4BB2-8A26-CFDEA3146EE6}.Release|Any CPU.ActiveCfg = Release|Any CPU
		{1F2C1CD8-7AFA-4BB2-8A26-CFDEA3146EE6}.Release|Any CPU.Build.0 = Release|Any CPU
		{1F2C1CD8-7AFA-4BB2-8A26-CFDEA3146EE6}.Release|Any CPU.Deploy.0 = Release|Any CPU
		{1F2C1CD8-7AFA-4BB2-8A26-CFDEA3146EE6}.Release|iPhone.ActiveCfg = Release|Any CPU
		{1F2C1CD8-7AFA-4BB2-8A26-CFDEA3146EE6}.Release|iPhone.Build.0 = Release|Any CPU
		{1F2C1CD8-7AFA-4BB2-8A26-CFDEA3146EE6}.Release|iPhone.Deploy.0 = Release|Any CPU
		{1F2C1CD8-7AFA-4BB2-8A26-CFDEA3146EE6}.Release|iPhoneSimulator.ActiveCfg = Release|Any CPU
		{1F2C1CD8-7AFA-4BB2-8A26-CFDEA3146EE6}.Release|iPhoneSimulator.Build.0 = Release|Any CPU
		{1F2C1CD8-7AFA-4BB2-8A26-CFDEA3146EE6}.Release|iPhoneSimulator.Deploy.0 = Release|Any CPU
		{1F2C1CD8-7AFA-4BB2-8A26-CFDEA3146EE6}.Release|x86.ActiveCfg = Release|Any CPU
		{1F2C1CD8-7AFA-4BB2-8A26-CFDEA3146EE6}.Release|x86.Build.0 = Release|Any CPU
		{1F2C1CD8-7AFA-4BB2-8A26-CFDEA3146EE6}.Release|x86.Deploy.0 = Release|Any CPU
		{63F3AD98-AAEA-4A4A-9A34-1D73E18E7248}.Ad-Hoc|Any CPU.ActiveCfg = Release|Any CPU
		{63F3AD98-AAEA-4A4A-9A34-1D73E18E7248}.Ad-Hoc|Any CPU.Build.0 = Release|Any CPU
		{63F3AD98-AAEA-4A4A-9A34-1D73E18E7248}.Ad-Hoc|iPhone.ActiveCfg = Release|Any CPU
		{63F3AD98-AAEA-4A4A-9A34-1D73E18E7248}.Ad-Hoc|iPhone.Build.0 = Release|Any CPU
		{63F3AD98-AAEA-4A4A-9A34-1D73E18E7248}.Ad-Hoc|iPhoneSimulator.ActiveCfg = Release|Any CPU
		{63F3AD98-AAEA-4A4A-9A34-1D73E18E7248}.Ad-Hoc|iPhoneSimulator.Build.0 = Release|Any CPU
		{63F3AD98-AAEA-4A4A-9A34-1D73E18E7248}.Ad-Hoc|x86.ActiveCfg = Debug|Any CPU
		{63F3AD98-AAEA-4A4A-9A34-1D73E18E7248}.Ad-Hoc|x86.Build.0 = Debug|Any CPU
		{63F3AD98-AAEA-4A4A-9A34-1D73E18E7248}.AppStore|Any CPU.ActiveCfg = Release|Any CPU
		{63F3AD98-AAEA-4A4A-9A34-1D73E18E7248}.AppStore|Any CPU.Build.0 = Release|Any CPU
		{63F3AD98-AAEA-4A4A-9A34-1D73E18E7248}.AppStore|iPhone.ActiveCfg = Release|Any CPU
		{63F3AD98-AAEA-4A4A-9A34-1D73E18E7248}.AppStore|iPhone.Build.0 = Release|Any CPU
		{63F3AD98-AAEA-4A4A-9A34-1D73E18E7248}.AppStore|iPhoneSimulator.ActiveCfg = Release|Any CPU
		{63F3AD98-AAEA-4A4A-9A34-1D73E18E7248}.AppStore|iPhoneSimulator.Build.0 = Release|Any CPU
		{63F3AD98-AAEA-4A4A-9A34-1D73E18E7248}.AppStore|x86.ActiveCfg = Debug|Any CPU
		{63F3AD98-AAEA-4A4A-9A34-1D73E18E7248}.AppStore|x86.Build.0 = Debug|Any CPU
		{63F3AD98-AAEA-4A4A-9A34-1D73E18E7248}.Debug|Any CPU.ActiveCfg = Debug|Any CPU
		{63F3AD98-AAEA-4A4A-9A34-1D73E18E7248}.Debug|Any CPU.Build.0 = Debug|Any CPU
		{63F3AD98-AAEA-4A4A-9A34-1D73E18E7248}.Debug|iPhone.ActiveCfg = Debug|Any CPU
		{63F3AD98-AAEA-4A4A-9A34-1D73E18E7248}.Debug|iPhone.Build.0 = Debug|Any CPU
		{63F3AD98-AAEA-4A4A-9A34-1D73E18E7248}.Debug|iPhoneSimulator.ActiveCfg = Debug|Any CPU
		{63F3AD98-AAEA-4A4A-9A34-1D73E18E7248}.Debug|iPhoneSimulator.Build.0 = Debug|Any CPU
		{63F3AD98-AAEA-4A4A-9A34-1D73E18E7248}.Debug|x86.ActiveCfg = Debug|Any CPU
		{63F3AD98-AAEA-4A4A-9A34-1D73E18E7248}.Debug|x86.Build.0 = Debug|Any CPU
		{63F3AD98-AAEA-4A4A-9A34-1D73E18E7248}.Release|Any CPU.ActiveCfg = Release|Any CPU
		{63F3AD98-AAEA-4A4A-9A34-1D73E18E7248}.Release|Any CPU.Build.0 = Release|Any CPU
		{63F3AD98-AAEA-4A4A-9A34-1D73E18E7248}.Release|iPhone.ActiveCfg = Release|Any CPU
		{63F3AD98-AAEA-4A4A-9A34-1D73E18E7248}.Release|iPhone.Build.0 = Release|Any CPU
		{63F3AD98-AAEA-4A4A-9A34-1D73E18E7248}.Release|iPhoneSimulator.ActiveCfg = Release|Any CPU
		{63F3AD98-AAEA-4A4A-9A34-1D73E18E7248}.Release|iPhoneSimulator.Build.0 = Release|Any CPU
		{63F3AD98-AAEA-4A4A-9A34-1D73E18E7248}.Release|x86.ActiveCfg = Release|Any CPU
		{63F3AD98-AAEA-4A4A-9A34-1D73E18E7248}.Release|x86.Build.0 = Release|Any CPU
		{0BC25816-82B2-483D-AA2A-0DF53F3B76CC}.Ad-Hoc|Any CPU.ActiveCfg = Release|Any CPU
		{0BC25816-82B2-483D-AA2A-0DF53F3B76CC}.Ad-Hoc|Any CPU.Build.0 = Release|Any CPU
		{0BC25816-82B2-483D-AA2A-0DF53F3B76CC}.Ad-Hoc|Any CPU.Deploy.0 = Release|Any CPU
		{0BC25816-82B2-483D-AA2A-0DF53F3B76CC}.Ad-Hoc|iPhone.ActiveCfg = Release|Any CPU
		{0BC25816-82B2-483D-AA2A-0DF53F3B76CC}.Ad-Hoc|iPhone.Build.0 = Release|Any CPU
		{0BC25816-82B2-483D-AA2A-0DF53F3B76CC}.Ad-Hoc|iPhone.Deploy.0 = Release|Any CPU
		{0BC25816-82B2-483D-AA2A-0DF53F3B76CC}.Ad-Hoc|iPhoneSimulator.ActiveCfg = Release|Any CPU
		{0BC25816-82B2-483D-AA2A-0DF53F3B76CC}.Ad-Hoc|iPhoneSimulator.Build.0 = Release|Any CPU
		{0BC25816-82B2-483D-AA2A-0DF53F3B76CC}.Ad-Hoc|iPhoneSimulator.Deploy.0 = Release|Any CPU
		{0BC25816-82B2-483D-AA2A-0DF53F3B76CC}.Ad-Hoc|x86.ActiveCfg = Debug|Any CPU
		{0BC25816-82B2-483D-AA2A-0DF53F3B76CC}.Ad-Hoc|x86.Build.0 = Debug|Any CPU
		{0BC25816-82B2-483D-AA2A-0DF53F3B76CC}.Ad-Hoc|x86.Deploy.0 = Debug|Any CPU
		{0BC25816-82B2-483D-AA2A-0DF53F3B76CC}.AppStore|Any CPU.ActiveCfg = Release|Any CPU
		{0BC25816-82B2-483D-AA2A-0DF53F3B76CC}.AppStore|Any CPU.Build.0 = Release|Any CPU
		{0BC25816-82B2-483D-AA2A-0DF53F3B76CC}.AppStore|Any CPU.Deploy.0 = Release|Any CPU
		{0BC25816-82B2-483D-AA2A-0DF53F3B76CC}.AppStore|iPhone.ActiveCfg = Release|Any CPU
		{0BC25816-82B2-483D-AA2A-0DF53F3B76CC}.AppStore|iPhone.Build.0 = Release|Any CPU
		{0BC25816-82B2-483D-AA2A-0DF53F3B76CC}.AppStore|iPhone.Deploy.0 = Release|Any CPU
		{0BC25816-82B2-483D-AA2A-0DF53F3B76CC}.AppStore|iPhoneSimulator.ActiveCfg = Release|Any CPU
		{0BC25816-82B2-483D-AA2A-0DF53F3B76CC}.AppStore|iPhoneSimulator.Build.0 = Release|Any CPU
		{0BC25816-82B2-483D-AA2A-0DF53F3B76CC}.AppStore|iPhoneSimulator.Deploy.0 = Release|Any CPU
		{0BC25816-82B2-483D-AA2A-0DF53F3B76CC}.AppStore|x86.ActiveCfg = Debug|Any CPU
		{0BC25816-82B2-483D-AA2A-0DF53F3B76CC}.AppStore|x86.Build.0 = Debug|Any CPU
		{0BC25816-82B2-483D-AA2A-0DF53F3B76CC}.AppStore|x86.Deploy.0 = Debug|Any CPU
		{0BC25816-82B2-483D-AA2A-0DF53F3B76CC}.Debug|Any CPU.ActiveCfg = Debug|Any CPU
		{0BC25816-82B2-483D-AA2A-0DF53F3B76CC}.Debug|Any CPU.Build.0 = Debug|Any CPU
		{0BC25816-82B2-483D-AA2A-0DF53F3B76CC}.Debug|Any CPU.Deploy.0 = Debug|Any CPU
		{0BC25816-82B2-483D-AA2A-0DF53F3B76CC}.Debug|iPhone.ActiveCfg = Debug|Any CPU
		{0BC25816-82B2-483D-AA2A-0DF53F3B76CC}.Debug|iPhone.Build.0 = Debug|Any CPU
		{0BC25816-82B2-483D-AA2A-0DF53F3B76CC}.Debug|iPhone.Deploy.0 = Debug|Any CPU
		{0BC25816-82B2-483D-AA2A-0DF53F3B76CC}.Debug|iPhoneSimulator.ActiveCfg = Debug|Any CPU
		{0BC25816-82B2-483D-AA2A-0DF53F3B76CC}.Debug|iPhoneSimulator.Build.0 = Debug|Any CPU
		{0BC25816-82B2-483D-AA2A-0DF53F3B76CC}.Debug|iPhoneSimulator.Deploy.0 = Debug|Any CPU
		{0BC25816-82B2-483D-AA2A-0DF53F3B76CC}.Debug|x86.ActiveCfg = Debug|Any CPU
		{0BC25816-82B2-483D-AA2A-0DF53F3B76CC}.Debug|x86.Build.0 = Debug|Any CPU
		{0BC25816-82B2-483D-AA2A-0DF53F3B76CC}.Debug|x86.Deploy.0 = Debug|Any CPU
		{0BC25816-82B2-483D-AA2A-0DF53F3B76CC}.Release|Any CPU.ActiveCfg = Release|Any CPU
		{0BC25816-82B2-483D-AA2A-0DF53F3B76CC}.Release|Any CPU.Build.0 = Release|Any CPU
		{0BC25816-82B2-483D-AA2A-0DF53F3B76CC}.Release|Any CPU.Deploy.0 = Release|Any CPU
		{0BC25816-82B2-483D-AA2A-0DF53F3B76CC}.Release|iPhone.ActiveCfg = Release|Any CPU
		{0BC25816-82B2-483D-AA2A-0DF53F3B76CC}.Release|iPhone.Build.0 = Release|Any CPU
		{0BC25816-82B2-483D-AA2A-0DF53F3B76CC}.Release|iPhone.Deploy.0 = Release|Any CPU
		{0BC25816-82B2-483D-AA2A-0DF53F3B76CC}.Release|iPhoneSimulator.ActiveCfg = Release|Any CPU
		{0BC25816-82B2-483D-AA2A-0DF53F3B76CC}.Release|iPhoneSimulator.Build.0 = Release|Any CPU
		{0BC25816-82B2-483D-AA2A-0DF53F3B76CC}.Release|iPhoneSimulator.Deploy.0 = Release|Any CPU
		{0BC25816-82B2-483D-AA2A-0DF53F3B76CC}.Release|x86.ActiveCfg = Release|Any CPU
		{0BC25816-82B2-483D-AA2A-0DF53F3B76CC}.Release|x86.Build.0 = Release|Any CPU
		{0BC25816-82B2-483D-AA2A-0DF53F3B76CC}.Release|x86.Deploy.0 = Release|Any CPU
		{66810930-ABAD-4286-BC53-B1B8648D95F0}.Ad-Hoc|Any CPU.ActiveCfg = Ad-Hoc|iPhone
		{66810930-ABAD-4286-BC53-B1B8648D95F0}.Ad-Hoc|iPhone.ActiveCfg = Ad-Hoc|iPhone
		{66810930-ABAD-4286-BC53-B1B8648D95F0}.Ad-Hoc|iPhone.Build.0 = Ad-Hoc|iPhone
		{66810930-ABAD-4286-BC53-B1B8648D95F0}.Ad-Hoc|iPhoneSimulator.ActiveCfg = Ad-Hoc|iPhoneSimulator
		{66810930-ABAD-4286-BC53-B1B8648D95F0}.Ad-Hoc|iPhoneSimulator.Build.0 = Ad-Hoc|iPhoneSimulator
		{66810930-ABAD-4286-BC53-B1B8648D95F0}.Ad-Hoc|x86.ActiveCfg = Ad-Hoc|iPhoneSimulator
		{66810930-ABAD-4286-BC53-B1B8648D95F0}.AppStore|Any CPU.ActiveCfg = AppStore|iPhone
		{66810930-ABAD-4286-BC53-B1B8648D95F0}.AppStore|iPhone.ActiveCfg = AppStore|iPhone
		{66810930-ABAD-4286-BC53-B1B8648D95F0}.AppStore|iPhone.Build.0 = AppStore|iPhone
		{66810930-ABAD-4286-BC53-B1B8648D95F0}.AppStore|iPhoneSimulator.ActiveCfg = AppStore|iPhoneSimulator
		{66810930-ABAD-4286-BC53-B1B8648D95F0}.AppStore|iPhoneSimulator.Build.0 = AppStore|iPhoneSimulator
		{66810930-ABAD-4286-BC53-B1B8648D95F0}.AppStore|x86.ActiveCfg = AppStore|iPhoneSimulator
		{66810930-ABAD-4286-BC53-B1B8648D95F0}.Debug|Any CPU.ActiveCfg = Debug|iPhone
		{66810930-ABAD-4286-BC53-B1B8648D95F0}.Debug|iPhone.ActiveCfg = Debug|iPhone
		{66810930-ABAD-4286-BC53-B1B8648D95F0}.Debug|iPhone.Build.0 = Debug|iPhone
		{66810930-ABAD-4286-BC53-B1B8648D95F0}.Debug|iPhoneSimulator.ActiveCfg = Debug|iPhoneSimulator
		{66810930-ABAD-4286-BC53-B1B8648D95F0}.Debug|iPhoneSimulator.Build.0 = Debug|iPhoneSimulator
		{66810930-ABAD-4286-BC53-B1B8648D95F0}.Debug|x86.ActiveCfg = Debug|iPhoneSimulator
		{66810930-ABAD-4286-BC53-B1B8648D95F0}.Release|Any CPU.ActiveCfg = Release|iPhone
		{66810930-ABAD-4286-BC53-B1B8648D95F0}.Release|iPhone.ActiveCfg = Release|iPhone
		{66810930-ABAD-4286-BC53-B1B8648D95F0}.Release|iPhone.Build.0 = Release|iPhone
		{66810930-ABAD-4286-BC53-B1B8648D95F0}.Release|iPhoneSimulator.ActiveCfg = Release|iPhoneSimulator
		{66810930-ABAD-4286-BC53-B1B8648D95F0}.Release|iPhoneSimulator.Build.0 = Release|iPhoneSimulator
		{66810930-ABAD-4286-BC53-B1B8648D95F0}.Release|x86.ActiveCfg = Release|iPhoneSimulator
	EndGlobalSection
	GlobalSection(SolutionProperties) = preSolution
		HideSolutionNode = FALSE
	EndGlobalSection
EndGlobal
