
Microsoft Visual Studio Solution File, Format Version 12.00
# Visual Studio 14
VisualStudioVersion = 14.0.25123.0
MinimumVisualStudioVersion = 10.0.40219.1
Project("{FAE04EC0-301F-11D3-BF4B-00C04F79EFBC}") = "here.core", "here.core\here.core.csproj", "{45C003B5-122A-4C81-8B1D-509F432A28A5}"
EndProject
Project("{FAE04EC0-301F-11D3-BF4B-00C04F79EFBC}") = "here.droid", "here.droid\here.droid.csproj", "{1F2C1CD8-7AFA-4BB2-8A26-CFDEA3146EE6}"
EndProject
Global
	GlobalSection(SolutionConfigurationPlatforms) = preSolution
		Debug|Any CPU = Debug|Any CPU
		Release|Any CPU = Release|Any CPU
	EndGlobalSection
	GlobalSection(ProjectConfigurationPlatforms) = postSolution
		{45C003B5-122A-4C81-8B1D-509F432A28A5}.Debug|Any CPU.ActiveCfg = Debug|Any CPU
		{45C003B5-122A-4C81-8B1D-509F432A28A5}.Debug|Any CPU.Build.0 = Debug|Any CPU
		{45C003B5-122A-4C81-8B1D-509F432A28A5}.Release|Any CPU.ActiveCfg = Release|Any CPU
		{45C003B5-122A-4C81-8B1D-509F432A28A5}.Release|Any CPU.Build.0 = Release|Any CPU
		{1F2C1CD8-7AFA-4BB2-8A26-CFDEA3146EE6}.Debug|Any CPU.ActiveCfg = Debug|Any CPU
		{1F2C1CD8-7AFA-4BB2-8A26-CFDEA3146EE6}.Debug|Any CPU.Build.0 = Debug|Any CPU
		{1F2C1CD8-7AFA-4BB2-8A26-CFDEA3146EE6}.Debug|Any CPU.Deploy.0 = Debug|Any CPU
		{1F2C1CD8-7AFA-4BB2-8A26-CFDEA3146EE6}.Release|Any CPU.ActiveCfg = Release|Any CPU
		{1F2C1CD8-7AFA-4BB2-8A26-CFDEA3146EE6}.Release|Any CPU.Build.0 = Release|Any CPU
		{1F2C1CD8-7AFA-4BB2-8A26-CFDEA3146EE6}.Release|Any CPU.Deploy.0 = Release|Any CPU
	EndGlobalSection
	GlobalSection(SolutionProperties) = preSolution
		HideSolutionNode = FALSE
	EndGlobalSection
EndGlobal
